
Microsoft Visual Studio Solution File, Format Version 10.00
# Visual Studio 2008
Project("{8BC9CEB8-8B4A-11D0-8D11-00A0C91BC942}") = "Dromed", "dromed.vcproj", "{A9D85ED5-27D6-48A8-9C63-D0E80C878844}"
EndProject
Project("{2150E333-8FDC-42A3-9474-1A3956D46DE8}") = "Tech", "Tech", "{0435863F-A245-441D-880E-6F5A1849F842}"
EndProject
Project("{8BC9CEB8-8B4A-11D0-8D11-00A0C91BC942}") = "appcore", "..\..\tech\libsrc\appcore\appcore.vcproj", "{CDB309E7-D338-4A00-A97A-2D9956F97C69}"
EndProject
Project("{8BC9CEB8-8B4A-11D0-8D11-00A0C91BC942}") = "darkloop", "..\..\tech\libsrc\darkloop\darkloop.vcproj", "{F8582B03-244B-4778-A82B-7C900DC86843}"
EndProject
Project("{8BC9CEB8-8B4A-11D0-8D11-00A0C91BC942}") = "actmovie", "..\..\tech\libsrc\actmovie\actmovie.vcproj", "{09AA8FA2-F5DB-48C4-A1FB-4AEF4409540F}"
EndProject
Project("{8BC9CEB8-8B4A-11D0-8D11-00A0C91BC942}") = "comtools", "..\..\tech\libsrc\comtools\comtools.vcproj", "{A0EE664F-8429-4D64-9C36-F12C6F5DDE6D}"
EndProject
Project("{8BC9CEB8-8B4A-11D0-8D11-00A0C91BC942}") = "arq", "..\..\tech\libsrc\arq\arq.vcproj", "{651DEDAC-B777-4CBD-8130-5A01B5681B45}"
EndProject
Project("{8BC9CEB8-8B4A-11D0-8D11-00A0C91BC942}") = "compapis", "..\..\tech\libsrc\compapis\compapis.vcproj", "{9055269B-B906-4220-AE55-693E17F0A392}"
EndProject
Project("{8BC9CEB8-8B4A-11D0-8D11-00A0C91BC942}") = "config", "..\..\tech\libsrc\config\config.vcproj", "{7B9C48CD-6717-48E2-B8EB-985481A5FECA}"
EndProject
Project("{8BC9CEB8-8B4A-11D0-8D11-00A0C91BC942}") = "cpptools", "..\..\tech\libsrc\cpptools\cpptools.vcproj", "{D060032C-0029-42C4-A049-709658DB0AC0}"
EndProject
Project("{8BC9CEB8-8B4A-11D0-8D11-00A0C91BC942}") = "dev2d", "..\..\tech\libsrc\dev2d\dev2d.vcproj", "{6E2B0CAA-4F4D-4944-9F37-2D5D6EC22C63}"
EndProject
Project("{8BC9CEB8-8B4A-11D0-8D11-00A0C91BC942}") = "dispdev", "..\..\tech\libsrc\dispdev\dispdev.vcproj", "{74C1C528-B6C0-4CCB-B9EA-D90A07DA557D}"
EndProject
Project("{8BC9CEB8-8B4A-11D0-8D11-00A0C91BC942}") = "dstruct", "..\..\tech\libsrc\dstruct\dstruct.vcproj", "{AC2B7175-0C28-44ED-BC15-086FC22DDBB5}"
EndProject
Project("{8BC9CEB8-8B4A-11D0-8D11-00A0C91BC942}") = "dump", "..\..\tech\libsrc\dump\dump.vcproj", "{FA445B12-A1F6-44A4-888A-44F5B07C30FB}"
EndProject
Project("{8BC9CEB8-8B4A-11D0-8D11-00A0C91BC942}") = "fix", "..\..\tech\libsrc\fix\fix.vcproj", "{3E596999-1765-4ACB-A12D-FC34ACAC92D4}"
EndProject
Project("{8BC9CEB8-8B4A-11D0-8D11-00A0C91BC942}") = "font", "..\..\tech\libsrc\font\font.vcproj", "{DFD38A1E-55D8-4136-810A-950B2B904B9D}"
EndProject
Project("{8BC9CEB8-8B4A-11D0-8D11-00A0C91BC942}") = "g2", "..\..\tech\libsrc\g2\g2.vcproj", "{2C573964-A405-4E3E-A8D1-D67FFEC1994B}"
EndProject
Project("{8BC9CEB8-8B4A-11D0-8D11-00A0C91BC942}") = "gadget", "..\..\tech\libsrc\gadget\gadget.vcproj", "{FDD6B469-67AC-4331-961C-857C8775722B}"
EndProject
Project("{8BC9CEB8-8B4A-11D0-8D11-00A0C91BC942}") = "gameshel", "..\..\tech\libsrc\gameshel\gameshel.vcproj", "{2E1D9C79-916E-4143-8D55-73FA124C8B45}"
EndProject
Project("{8BC9CEB8-8B4A-11D0-8D11-00A0C91BC942}") = "gfile", "..\..\tech\libsrc\gfile\gfile.vcproj", "{A3AD0BD1-17BC-413C-BAD2-965836F16C49}"
EndProject
Project("{8BC9CEB8-8B4A-11D0-8D11-00A0C91BC942}") = "inputbnd", "..\..\tech\libsrc\inputbnd\inputbnd.vcproj", "{EF1957C4-B565-40E9-B88A-10AF1731A62B}"
EndProject
Project("{8BC9CEB8-8B4A-11D0-8D11-00A0C91BC942}") = "lg", "..\..\tech\libsrc\lg\lg.vcproj", "{7ED730A2-53BF-4C93-8983-7E12518AC7AD}"
EndProject
Project("{8BC9CEB8-8B4A-11D0-8D11-00A0C91BC942}") = "lgalloc", "..\..\tech\libsrc\lgalloc\lgalloc.vcproj", "{B62DFEAA-8327-4F7E-9615-B95E904E4B25}"
EndProject
Project("{8BC9CEB8-8B4A-11D0-8D11-00A0C91BC942}") = "lgd3d", "..\..\tech\libsrc\lgd3d\lgd3d.vcproj", "{4E5A3597-A97C-4B48-8554-B18A006E38F6}"
EndProject
Project("{8BC9CEB8-8B4A-11D0-8D11-00A0C91BC942}") = "matrix", "..\..\tech\libsrc\matrix\matrix.vcproj", "{A09FEABF-9BD2-437C-936D-032259D7758B}"
EndProject
Project("{8BC9CEB8-8B4A-11D0-8D11-00A0C91BC942}") = "md", "..\..\tech\libsrc\md\md.vcproj", "{C70C0192-1D3D-457A-A079-80E7FFDE8544}"
EndProject
Project("{8BC9CEB8-8B4A-11D0-8D11-00A0C91BC942}") = "mm", "..\..\tech\libsrc\mm\mm.vcproj", "{8EEA6BD7-B364-4AF5-ADF5-9436C8A61F4F}"
EndProject
Project("{8BC9CEB8-8B4A-11D0-8D11-00A0C91BC942}") = "mp", "..\..\tech\libsrc\mp\mp.vcproj", "{D7DEF094-9830-4BEA-8716-A73988422897}"
EndProject
Project("{8BC9CEB8-8B4A-11D0-8D11-00A0C91BC942}") = "mprintf", "..\..\tech\libsrc\mprintf\mprintf.vcproj", "{F1D3B615-7BD9-4A0D-839E-1DC26BFA9B90}"
EndProject
Project("{8BC9CEB8-8B4A-11D0-8D11-00A0C91BC942}") = "namedres", "..\..\tech\libsrc\namedres\namedres.vcproj", "{D5B6F3A1-B789-4AE0-AE98-464EDBC91EA8}"
EndProject
Project("{8BC9CEB8-8B4A-11D0-8D11-00A0C91BC942}") = "net", "..\..\tech\libsrc\net\net.vcproj", "{EB627AAA-35AA-4BBC-82B4-049591FCB6E2}"
EndProject
Project("{8BC9CEB8-8B4A-11D0-8D11-00A0C91BC942}") = "prof", "..\..\tech\libsrc\prof\prof.vcproj", "{2BD8A0F6-1D10-44CD-B2DE-4C462B30FDD0}"
EndProject
Project("{8BC9CEB8-8B4A-11D0-8D11-00A0C91BC942}") = "r3d", "..\..\tech\libsrc\r3d\r3d.vcproj", "{4794ACEE-AED7-4D9B-ABF2-AB0E1C89A09F}"
EndProject
Project("{8BC9CEB8-8B4A-11D0-8D11-00A0C91BC942}") = "random", "..\..\tech\libsrc\random\random.vcproj", "{46A89AB4-F333-437E-88A0-F790B0065DB4}"
EndProject
Project("{8BC9CEB8-8B4A-11D0-8D11-00A0C91BC942}") = "recorder", "..\..\tech\libsrc\recorder\recorder.vcproj", "{E13B9C0E-C8BD-452E-AAE5-3C965A70AE00}"
EndProject
Project("{8BC9CEB8-8B4A-11D0-8D11-00A0C91BC942}") = "res", "..\..\tech\libsrc\res\res.vcproj", "{DA079E5A-58D7-4ECC-9221-5B48B71370FE}"
EndProject
Project("{8BC9CEB8-8B4A-11D0-8D11-00A0C91BC942}") = "rnd", "..\..\tech\libsrc\rnd\rnd.vcproj", "{FA0B37AB-6AC8-48BA-8540-AD1BC5E8C955}"
EndProject
Project("{8BC9CEB8-8B4A-11D0-8D11-00A0C91BC942}") = "sdesc", "..\..\tech\libsrc\sdesc\sdesc.vcproj", "{E79CCF9B-1E03-4003-8D9A-0DC770BBB91E}"
EndProject
Project("{8BC9CEB8-8B4A-11D0-8D11-00A0C91BC942}") = "skel", "..\..\tech\libsrc\skel\skel.vcproj", "{304840A3-B715-402D-9B45-B9666B9746CC}"
EndProject
Project("{8BC9CEB8-8B4A-11D0-8D11-00A0C91BC942}") = "sndsrc", "..\..\tech\libsrc\sndsrc\sndsrc.vcproj", "{5AA176CF-25A0-4B3D-A95D-7508F15F10AE}"
EndProject
Project("{8BC9CEB8-8B4A-11D0-8D11-00A0C91BC942}") = "sndutil", "..\..\tech\libsrc\sndutil\sndutil.vcproj", "{02B1D973-C751-436C-9D51-01ABC97B7E8E}"
EndProject
Project("{8BC9CEB8-8B4A-11D0-8D11-00A0C91BC942}") = "sound", "..\..\tech\libsrc\sound\sound.vcproj", "{0A624644-0767-4D3B-A43B-74FBF821A7A5}"
EndProject
Project("{8BC9CEB8-8B4A-11D0-8D11-00A0C91BC942}") = "star", "..\..\tech\libsrc\star\star.vcproj", "{630FF11F-F058-40C7-90BE-1F0A8ABA4E80}"
EndProject
Project("{8BC9CEB8-8B4A-11D0-8D11-00A0C91BC942}") = "tagfile", "..\..\tech\libsrc\tagfile\tagfile.vcproj", "{B5A1C101-89D2-46E6-821D-AC7AF5134BD3}"
EndProject
Project("{8BC9CEB8-8B4A-11D0-8D11-00A0C91BC942}") = "templgen", "..\..\tech\libsrc\templgen\templgen.vcproj", "{B31229C0-5D0D-40E8-AC8C-614E2CCE7B89}"
EndProject
Project("{8BC9CEB8-8B4A-11D0-8D11-00A0C91BC942}") = "timer", "..\..\tech\libsrc\timer\timer.vcproj", "{D38046AF-D1DB-4434-A51C-F71E3C2CC357}"
EndProject
Global
	GlobalSection(SolutionConfigurationPlatforms) = preSolution
		Debug|Win32 = Debug|Win32
		Opt No Precompiled Header|Win32 = Opt No Precompiled Header|Win32
		Opt|Win32 = Opt|Win32
		Release|Win32 = Release|Win32
	EndGlobalSection
	GlobalSection(ProjectConfigurationPlatforms) = postSolution
		{A9D85ED5-27D6-48A8-9C63-D0E80C878844}.Debug|Win32.ActiveCfg = Debug|Win32
		{A9D85ED5-27D6-48A8-9C63-D0E80C878844}.Debug|Win32.Build.0 = Debug|Win32
		{A9D85ED5-27D6-48A8-9C63-D0E80C878844}.Opt No Precompiled Header|Win32.ActiveCfg = Opt No Precompiled Header|Win32
		{A9D85ED5-27D6-48A8-9C63-D0E80C878844}.Opt No Precompiled Header|Win32.Build.0 = Opt No Precompiled Header|Win32
		{A9D85ED5-27D6-48A8-9C63-D0E80C878844}.Opt|Win32.ActiveCfg = Opt|Win32
		{A9D85ED5-27D6-48A8-9C63-D0E80C878844}.Opt|Win32.Build.0 = Opt|Win32
		{A9D85ED5-27D6-48A8-9C63-D0E80C878844}.Release|Win32.ActiveCfg = Release|Win32
		{A9D85ED5-27D6-48A8-9C63-D0E80C878844}.Release|Win32.Build.0 = Release|Win32
		{CDB309E7-D338-4A00-A97A-2D9956F97C69}.Debug|Win32.ActiveCfg = Debug|Win32
		{CDB309E7-D338-4A00-A97A-2D9956F97C69}.Debug|Win32.Build.0 = Debug|Win32
		{CDB309E7-D338-4A00-A97A-2D9956F97C69}.Opt No Precompiled Header|Win32.ActiveCfg = Debug|Win32
		{CDB309E7-D338-4A00-A97A-2D9956F97C69}.Opt No Precompiled Header|Win32.Build.0 = Debug|Win32
		{CDB309E7-D338-4A00-A97A-2D9956F97C69}.Opt|Win32.ActiveCfg = Debug|Win32
		{CDB309E7-D338-4A00-A97A-2D9956F97C69}.Opt|Win32.Build.0 = Debug|Win32
		{CDB309E7-D338-4A00-A97A-2D9956F97C69}.Release|Win32.ActiveCfg = Release|Win32
		{CDB309E7-D338-4A00-A97A-2D9956F97C69}.Release|Win32.Build.0 = Release|Win32
		{F8582B03-244B-4778-A82B-7C900DC86843}.Debug|Win32.ActiveCfg = Debug|Win32
		{F8582B03-244B-4778-A82B-7C900DC86843}.Debug|Win32.Build.0 = Debug|Win32
		{F8582B03-244B-4778-A82B-7C900DC86843}.Opt No Precompiled Header|Win32.ActiveCfg = Debug|Win32
		{F8582B03-244B-4778-A82B-7C900DC86843}.Opt No Precompiled Header|Win32.Build.0 = Debug|Win32
		{F8582B03-244B-4778-A82B-7C900DC86843}.Opt|Win32.ActiveCfg = Debug|Win32
		{F8582B03-244B-4778-A82B-7C900DC86843}.Opt|Win32.Build.0 = Debug|Win32
		{F8582B03-244B-4778-A82B-7C900DC86843}.Release|Win32.ActiveCfg = Release|Win32
		{F8582B03-244B-4778-A82B-7C900DC86843}.Release|Win32.Build.0 = Release|Win32
		{09AA8FA2-F5DB-48C4-A1FB-4AEF4409540F}.Debug|Win32.ActiveCfg = Debug|Win32
		{09AA8FA2-F5DB-48C4-A1FB-4AEF4409540F}.Debug|Win32.Build.0 = Debug|Win32
		{09AA8FA2-F5DB-48C4-A1FB-4AEF4409540F}.Opt No Precompiled Header|Win32.ActiveCfg = Release|Win32
		{09AA8FA2-F5DB-48C4-A1FB-4AEF4409540F}.Opt No Precompiled Header|Win32.Build.0 = Release|Win32
		{09AA8FA2-F5DB-48C4-A1FB-4AEF4409540F}.Opt|Win32.ActiveCfg = Release|Win32
		{09AA8FA2-F5DB-48C4-A1FB-4AEF4409540F}.Opt|Win32.Build.0 = Release|Win32
		{09AA8FA2-F5DB-48C4-A1FB-4AEF4409540F}.Release|Win32.ActiveCfg = Release|Win32
		{09AA8FA2-F5DB-48C4-A1FB-4AEF4409540F}.Release|Win32.Build.0 = Release|Win32
		{A0EE664F-8429-4D64-9C36-F12C6F5DDE6D}.Debug|Win32.ActiveCfg = Debug|Win32
		{A0EE664F-8429-4D64-9C36-F12C6F5DDE6D}.Debug|Win32.Build.0 = Debug|Win32
		{A0EE664F-8429-4D64-9C36-F12C6F5DDE6D}.Opt No Precompiled Header|Win32.ActiveCfg = Release|Win32
		{A0EE664F-8429-4D64-9C36-F12C6F5DDE6D}.Opt No Precompiled Header|Win32.Build.0 = Release|Win32
		{A0EE664F-8429-4D64-9C36-F12C6F5DDE6D}.Opt|Win32.ActiveCfg = Release|Win32
		{A0EE664F-8429-4D64-9C36-F12C6F5DDE6D}.Opt|Win32.Build.0 = Release|Win32
		{A0EE664F-8429-4D64-9C36-F12C6F5DDE6D}.Release|Win32.ActiveCfg = Release|Win32
		{A0EE664F-8429-4D64-9C36-F12C6F5DDE6D}.Release|Win32.Build.0 = Release|Win32
		{651DEDAC-B777-4CBD-8130-5A01B5681B45}.Debug|Win32.ActiveCfg = Debug|Win32
		{651DEDAC-B777-4CBD-8130-5A01B5681B45}.Debug|Win32.Build.0 = Debug|Win32
		{651DEDAC-B777-4CBD-8130-5A01B5681B45}.Opt No Precompiled Header|Win32.ActiveCfg = Debug|Win32
		{651DEDAC-B777-4CBD-8130-5A01B5681B45}.Opt No Precompiled Header|Win32.Build.0 = Debug|Win32
		{651DEDAC-B777-4CBD-8130-5A01B5681B45}.Opt|Win32.ActiveCfg = Debug|Win32
		{651DEDAC-B777-4CBD-8130-5A01B5681B45}.Opt|Win32.Build.0 = Debug|Win32
		{651DEDAC-B777-4CBD-8130-5A01B5681B45}.Release|Win32.ActiveCfg = Release|Win32
		{651DEDAC-B777-4CBD-8130-5A01B5681B45}.Release|Win32.Build.0 = Release|Win32
		{9055269B-B906-4220-AE55-693E17F0A392}.Debug|Win32.ActiveCfg = Debug|Win32
		{9055269B-B906-4220-AE55-693E17F0A392}.Debug|Win32.Build.0 = Debug|Win32
		{9055269B-B906-4220-AE55-693E17F0A392}.Opt No Precompiled Header|Win32.ActiveCfg = Debug|Win32
		{9055269B-B906-4220-AE55-693E17F0A392}.Opt No Precompiled Header|Win32.Build.0 = Debug|Win32
		{9055269B-B906-4220-AE55-693E17F0A392}.Opt|Win32.ActiveCfg = Debug|Win32
		{9055269B-B906-4220-AE55-693E17F0A392}.Opt|Win32.Build.0 = Debug|Win32
		{9055269B-B906-4220-AE55-693E17F0A392}.Release|Win32.ActiveCfg = Release|Win32
		{9055269B-B906-4220-AE55-693E17F0A392}.Release|Win32.Build.0 = Release|Win32
		{7B9C48CD-6717-48E2-B8EB-985481A5FECA}.Debug|Win32.ActiveCfg = Debug|Win32
		{7B9C48CD-6717-48E2-B8EB-985481A5FECA}.Debug|Win32.Build.0 = Debug|Win32
		{7B9C48CD-6717-48E2-B8EB-985481A5FECA}.Opt No Precompiled Header|Win32.ActiveCfg = Release|Win32
		{7B9C48CD-6717-48E2-B8EB-985481A5FECA}.Opt No Precompiled Header|Win32.Build.0 = Release|Win32
		{7B9C48CD-6717-48E2-B8EB-985481A5FECA}.Opt|Win32.ActiveCfg = Release|Win32
		{7B9C48CD-6717-48E2-B8EB-985481A5FECA}.Opt|Win32.Build.0 = Release|Win32
		{7B9C48CD-6717-48E2-B8EB-985481A5FECA}.Release|Win32.ActiveCfg = Release|Win32
		{7B9C48CD-6717-48E2-B8EB-985481A5FECA}.Release|Win32.Build.0 = Release|Win32
		{D060032C-0029-42C4-A049-709658DB0AC0}.Debug|Win32.ActiveCfg = Debug|Win32
		{D060032C-0029-42C4-A049-709658DB0AC0}.Debug|Win32.Build.0 = Debug|Win32
		{D060032C-0029-42C4-A049-709658DB0AC0}.Opt No Precompiled Header|Win32.ActiveCfg = Debug|Win32
		{D060032C-0029-42C4-A049-709658DB0AC0}.Opt No Precompiled Header|Win32.Build.0 = Debug|Win32
		{D060032C-0029-42C4-A049-709658DB0AC0}.Opt|Win32.ActiveCfg = Debug|Win32
		{D060032C-0029-42C4-A049-709658DB0AC0}.Opt|Win32.Build.0 = Debug|Win32
		{D060032C-0029-42C4-A049-709658DB0AC0}.Release|Win32.ActiveCfg = Release|Win32
		{D060032C-0029-42C4-A049-709658DB0AC0}.Release|Win32.Build.0 = Release|Win32
		{6E2B0CAA-4F4D-4944-9F37-2D5D6EC22C63}.Debug|Win32.ActiveCfg = Debug|Win32
		{6E2B0CAA-4F4D-4944-9F37-2D5D6EC22C63}.Debug|Win32.Build.0 = Debug|Win32
		{6E2B0CAA-4F4D-4944-9F37-2D5D6EC22C63}.Opt No Precompiled Header|Win32.ActiveCfg = Debug|Win32
		{6E2B0CAA-4F4D-4944-9F37-2D5D6EC22C63}.Opt No Precompiled Header|Win32.Build.0 = Debug|Win32
		{6E2B0CAA-4F4D-4944-9F37-2D5D6EC22C63}.Opt|Win32.ActiveCfg = Debug|Win32
		{6E2B0CAA-4F4D-4944-9F37-2D5D6EC22C63}.Opt|Win32.Build.0 = Debug|Win32
		{6E2B0CAA-4F4D-4944-9F37-2D5D6EC22C63}.Release|Win32.ActiveCfg = Release|Win32
		{6E2B0CAA-4F4D-4944-9F37-2D5D6EC22C63}.Release|Win32.Build.0 = Release|Win32
		{74C1C528-B6C0-4CCB-B9EA-D90A07DA557D}.Debug|Win32.ActiveCfg = Debug|Win32
		{74C1C528-B6C0-4CCB-B9EA-D90A07DA557D}.Debug|Win32.Build.0 = Debug|Win32
		{74C1C528-B6C0-4CCB-B9EA-D90A07DA557D}.Opt No Precompiled Header|Win32.ActiveCfg = Release|Win32
		{74C1C528-B6C0-4CCB-B9EA-D90A07DA557D}.Opt No Precompiled Header|Win32.Build.0 = Release|Win32
		{74C1C528-B6C0-4CCB-B9EA-D90A07DA557D}.Opt|Win32.ActiveCfg = Release|Win32
		{74C1C528-B6C0-4CCB-B9EA-D90A07DA557D}.Opt|Win32.Build.0 = Release|Win32
		{74C1C528-B6C0-4CCB-B9EA-D90A07DA557D}.Release|Win32.ActiveCfg = Release|Win32
		{74C1C528-B6C0-4CCB-B9EA-D90A07DA557D}.Release|Win32.Build.0 = Release|Win32
		{AC2B7175-0C28-44ED-BC15-086FC22DDBB5}.Debug|Win32.ActiveCfg = Debug|Win32
		{AC2B7175-0C28-44ED-BC15-086FC22DDBB5}.Debug|Win32.Build.0 = Debug|Win32
		{AC2B7175-0C28-44ED-BC15-086FC22DDBB5}.Opt No Precompiled Header|Win32.ActiveCfg = Debug|Win32
		{AC2B7175-0C28-44ED-BC15-086FC22DDBB5}.Opt No Precompiled Header|Win32.Build.0 = Debug|Win32
		{AC2B7175-0C28-44ED-BC15-086FC22DDBB5}.Opt|Win32.ActiveCfg = Debug|Win32
		{AC2B7175-0C28-44ED-BC15-086FC22DDBB5}.Opt|Win32.Build.0 = Debug|Win32
		{AC2B7175-0C28-44ED-BC15-086FC22DDBB5}.Release|Win32.ActiveCfg = Release|Win32
		{AC2B7175-0C28-44ED-BC15-086FC22DDBB5}.Release|Win32.Build.0 = Release|Win32
		{FA445B12-A1F6-44A4-888A-44F5B07C30FB}.Debug|Win32.ActiveCfg = Debug|Win32
		{FA445B12-A1F6-44A4-888A-44F5B07C30FB}.Debug|Win32.Build.0 = Debug|Win32
		{FA445B12-A1F6-44A4-888A-44F5B07C30FB}.Opt No Precompiled Header|Win32.ActiveCfg = Debug|Win32
		{FA445B12-A1F6-44A4-888A-44F5B07C30FB}.Opt No Precompiled Header|Win32.Build.0 = Debug|Win32
		{FA445B12-A1F6-44A4-888A-44F5B07C30FB}.Opt|Win32.ActiveCfg = Debug|Win32
		{FA445B12-A1F6-44A4-888A-44F5B07C30FB}.Opt|Win32.Build.0 = Debug|Win32
		{FA445B12-A1F6-44A4-888A-44F5B07C30FB}.Release|Win32.ActiveCfg = Release|Win32
		{FA445B12-A1F6-44A4-888A-44F5B07C30FB}.Release|Win32.Build.0 = Release|Win32
		{3E596999-1765-4ACB-A12D-FC34ACAC92D4}.Debug|Win32.ActiveCfg = Debug|Win32
		{3E596999-1765-4ACB-A12D-FC34ACAC92D4}.Debug|Win32.Build.0 = Debug|Win32
		{3E596999-1765-4ACB-A12D-FC34ACAC92D4}.Opt No Precompiled Header|Win32.ActiveCfg = Debug|Win32
		{3E596999-1765-4ACB-A12D-FC34ACAC92D4}.Opt No Precompiled Header|Win32.Build.0 = Debug|Win32
		{3E596999-1765-4ACB-A12D-FC34ACAC92D4}.Opt|Win32.ActiveCfg = Debug|Win32
		{3E596999-1765-4ACB-A12D-FC34ACAC92D4}.Opt|Win32.Build.0 = Debug|Win32
		{3E596999-1765-4ACB-A12D-FC34ACAC92D4}.Release|Win32.ActiveCfg = Release|Win32
		{3E596999-1765-4ACB-A12D-FC34ACAC92D4}.Release|Win32.Build.0 = Release|Win32
		{DFD38A1E-55D8-4136-810A-950B2B904B9D}.Debug|Win32.ActiveCfg = Debug|Win32
		{DFD38A1E-55D8-4136-810A-950B2B904B9D}.Debug|Win32.Build.0 = Debug|Win32
		{DFD38A1E-55D8-4136-810A-950B2B904B9D}.Opt No Precompiled Header|Win32.ActiveCfg = Release|Win32
		{DFD38A1E-55D8-4136-810A-950B2B904B9D}.Opt No Precompiled Header|Win32.Build.0 = Release|Win32
		{DFD38A1E-55D8-4136-810A-950B2B904B9D}.Opt|Win32.ActiveCfg = Release|Win32
		{DFD38A1E-55D8-4136-810A-950B2B904B9D}.Opt|Win32.Build.0 = Release|Win32
		{DFD38A1E-55D8-4136-810A-950B2B904B9D}.Release|Win32.ActiveCfg = Release|Win32
		{DFD38A1E-55D8-4136-810A-950B2B904B9D}.Release|Win32.Build.0 = Release|Win32
		{2C573964-A405-4E3E-A8D1-D67FFEC1994B}.Debug|Win32.ActiveCfg = Debug|Win32
		{2C573964-A405-4E3E-A8D1-D67FFEC1994B}.Debug|Win32.Build.0 = Debug|Win32
		{2C573964-A405-4E3E-A8D1-D67FFEC1994B}.Opt No Precompiled Header|Win32.ActiveCfg = Release|Win32
		{2C573964-A405-4E3E-A8D1-D67FFEC1994B}.Opt No Precompiled Header|Win32.Build.0 = Release|Win32
		{2C573964-A405-4E3E-A8D1-D67FFEC1994B}.Opt|Win32.ActiveCfg = Release|Win32
		{2C573964-A405-4E3E-A8D1-D67FFEC1994B}.Opt|Win32.Build.0 = Release|Win32
		{2C573964-A405-4E3E-A8D1-D67FFEC1994B}.Release|Win32.ActiveCfg = Release|Win32
		{2C573964-A405-4E3E-A8D1-D67FFEC1994B}.Release|Win32.Build.0 = Release|Win32
		{FDD6B469-67AC-4331-961C-857C8775722B}.Debug|Win32.ActiveCfg = Debug|Win32
		{FDD6B469-67AC-4331-961C-857C8775722B}.Debug|Win32.Build.0 = Debug|Win32
		{FDD6B469-67AC-4331-961C-857C8775722B}.Opt No Precompiled Header|Win32.ActiveCfg = Debug|Win32
		{FDD6B469-67AC-4331-961C-857C8775722B}.Opt No Precompiled Header|Win32.Build.0 = Debug|Win32
		{FDD6B469-67AC-4331-961C-857C8775722B}.Opt|Win32.ActiveCfg = Debug|Win32
		{FDD6B469-67AC-4331-961C-857C8775722B}.Opt|Win32.Build.0 = Debug|Win32
		{FDD6B469-67AC-4331-961C-857C8775722B}.Release|Win32.ActiveCfg = Release|Win32
		{FDD6B469-67AC-4331-961C-857C8775722B}.Release|Win32.Build.0 = Release|Win32
		{2E1D9C79-916E-4143-8D55-73FA124C8B45}.Debug|Win32.ActiveCfg = Debug|Win32
		{2E1D9C79-916E-4143-8D55-73FA124C8B45}.Debug|Win32.Build.0 = Debug|Win32
		{2E1D9C79-916E-4143-8D55-73FA124C8B45}.Opt No Precompiled Header|Win32.ActiveCfg = Debug|Win32
		{2E1D9C79-916E-4143-8D55-73FA124C8B45}.Opt No Precompiled Header|Win32.Build.0 = Debug|Win32
		{2E1D9C79-916E-4143-8D55-73FA124C8B45}.Opt|Win32.ActiveCfg = Debug|Win32
		{2E1D9C79-916E-4143-8D55-73FA124C8B45}.Opt|Win32.Build.0 = Debug|Win32
		{2E1D9C79-916E-4143-8D55-73FA124C8B45}.Release|Win32.ActiveCfg = Release|Win32
		{2E1D9C79-916E-4143-8D55-73FA124C8B45}.Release|Win32.Build.0 = Release|Win32
		{A3AD0BD1-17BC-413C-BAD2-965836F16C49}.Debug|Win32.ActiveCfg = Debug|Win32
		{A3AD0BD1-17BC-413C-BAD2-965836F16C49}.Debug|Win32.Build.0 = Debug|Win32
		{A3AD0BD1-17BC-413C-BAD2-965836F16C49}.Opt No Precompiled Header|Win32.ActiveCfg = Release|Win32
		{A3AD0BD1-17BC-413C-BAD2-965836F16C49}.Opt No Precompiled Header|Win32.Build.0 = Release|Win32
		{A3AD0BD1-17BC-413C-BAD2-965836F16C49}.Opt|Win32.ActiveCfg = Release|Win32
		{A3AD0BD1-17BC-413C-BAD2-965836F16C49}.Opt|Win32.Build.0 = Release|Win32
		{A3AD0BD1-17BC-413C-BAD2-965836F16C49}.Release|Win32.ActiveCfg = Release|Win32
		{A3AD0BD1-17BC-413C-BAD2-965836F16C49}.Release|Win32.Build.0 = Release|Win32
		{EF1957C4-B565-40E9-B88A-10AF1731A62B}.Debug|Win32.ActiveCfg = Debug|Win32
		{EF1957C4-B565-40E9-B88A-10AF1731A62B}.Debug|Win32.Build.0 = Debug|Win32
		{EF1957C4-B565-40E9-B88A-10AF1731A62B}.Opt No Precompiled Header|Win32.ActiveCfg = Release|Win32
		{EF1957C4-B565-40E9-B88A-10AF1731A62B}.Opt No Precompiled Header|Win32.Build.0 = Release|Win32
		{EF1957C4-B565-40E9-B88A-10AF1731A62B}.Opt|Win32.ActiveCfg = Release|Win32
		{EF1957C4-B565-40E9-B88A-10AF1731A62B}.Opt|Win32.Build.0 = Release|Win32
		{EF1957C4-B565-40E9-B88A-10AF1731A62B}.Release|Win32.ActiveCfg = Release|Win32
		{EF1957C4-B565-40E9-B88A-10AF1731A62B}.Release|Win32.Build.0 = Release|Win32
		{7ED730A2-53BF-4C93-8983-7E12518AC7AD}.Debug|Win32.ActiveCfg = Debug|Win32
		{7ED730A2-53BF-4C93-8983-7E12518AC7AD}.Debug|Win32.Build.0 = Debug|Win32
		{7ED730A2-53BF-4C93-8983-7E12518AC7AD}.Opt No Precompiled Header|Win32.ActiveCfg = Release|Win32
		{7ED730A2-53BF-4C93-8983-7E12518AC7AD}.Opt No Precompiled Header|Win32.Build.0 = Release|Win32
		{7ED730A2-53BF-4C93-8983-7E12518AC7AD}.Opt|Win32.ActiveCfg = Release|Win32
		{7ED730A2-53BF-4C93-8983-7E12518AC7AD}.Opt|Win32.Build.0 = Release|Win32
		{7ED730A2-53BF-4C93-8983-7E12518AC7AD}.Release|Win32.ActiveCfg = Release|Win32
		{7ED730A2-53BF-4C93-8983-7E12518AC7AD}.Release|Win32.Build.0 = Release|Win32
		{B62DFEAA-8327-4F7E-9615-B95E904E4B25}.Debug|Win32.ActiveCfg = Debug|Win32
		{B62DFEAA-8327-4F7E-9615-B95E904E4B25}.Debug|Win32.Build.0 = Debug|Win32
		{B62DFEAA-8327-4F7E-9615-B95E904E4B25}.Opt No Precompiled Header|Win32.ActiveCfg = Release|Win32
		{B62DFEAA-8327-4F7E-9615-B95E904E4B25}.Opt No Precompiled Header|Win32.Build.0 = Release|Win32
		{B62DFEAA-8327-4F7E-9615-B95E904E4B25}.Opt|Win32.ActiveCfg = Release|Win32
		{B62DFEAA-8327-4F7E-9615-B95E904E4B25}.Opt|Win32.Build.0 = Release|Win32
		{B62DFEAA-8327-4F7E-9615-B95E904E4B25}.Release|Win32.ActiveCfg = Release|Win32
		{B62DFEAA-8327-4F7E-9615-B95E904E4B25}.Release|Win32.Build.0 = Release|Win32
		{4E5A3597-A97C-4B48-8554-B18A006E38F6}.Debug|Win32.ActiveCfg = Debug|Win32
		{4E5A3597-A97C-4B48-8554-B18A006E38F6}.Debug|Win32.Build.0 = Debug|Win32
		{4E5A3597-A97C-4B48-8554-B18A006E38F6}.Opt No Precompiled Header|Win32.ActiveCfg = Release|Win32
		{4E5A3597-A97C-4B48-8554-B18A006E38F6}.Opt No Precompiled Header|Win32.Build.0 = Release|Win32
		{4E5A3597-A97C-4B48-8554-B18A006E38F6}.Opt|Win32.ActiveCfg = Release|Win32
		{4E5A3597-A97C-4B48-8554-B18A006E38F6}.Opt|Win32.Build.0 = Release|Win32
		{4E5A3597-A97C-4B48-8554-B18A006E38F6}.Release|Win32.ActiveCfg = Release|Win32
		{4E5A3597-A97C-4B48-8554-B18A006E38F6}.Release|Win32.Build.0 = Release|Win32
		{A09FEABF-9BD2-437C-936D-032259D7758B}.Debug|Win32.ActiveCfg = Debug|Win32
		{A09FEABF-9BD2-437C-936D-032259D7758B}.Debug|Win32.Build.0 = Debug|Win32
		{A09FEABF-9BD2-437C-936D-032259D7758B}.Opt No Precompiled Header|Win32.ActiveCfg = Release|Win32
		{A09FEABF-9BD2-437C-936D-032259D7758B}.Opt No Precompiled Header|Win32.Build.0 = Release|Win32
		{A09FEABF-9BD2-437C-936D-032259D7758B}.Opt|Win32.ActiveCfg = Release|Win32
		{A09FEABF-9BD2-437C-936D-032259D7758B}.Opt|Win32.Build.0 = Release|Win32
		{A09FEABF-9BD2-437C-936D-032259D7758B}.Release|Win32.ActiveCfg = Release|Win32
		{A09FEABF-9BD2-437C-936D-032259D7758B}.Release|Win32.Build.0 = Release|Win32
		{C70C0192-1D3D-457A-A079-80E7FFDE8544}.Debug|Win32.ActiveCfg = Debug|Win32
		{C70C0192-1D3D-457A-A079-80E7FFDE8544}.Debug|Win32.Build.0 = Debug|Win32
		{C70C0192-1D3D-457A-A079-80E7FFDE8544}.Opt No Precompiled Header|Win32.ActiveCfg = Debug|Win32
		{C70C0192-1D3D-457A-A079-80E7FFDE8544}.Opt No Precompiled Header|Win32.Build.0 = Debug|Win32
		{C70C0192-1D3D-457A-A079-80E7FFDE8544}.Opt|Win32.ActiveCfg = Debug|Win32
		{C70C0192-1D3D-457A-A079-80E7FFDE8544}.Opt|Win32.Build.0 = Debug|Win32
		{C70C0192-1D3D-457A-A079-80E7FFDE8544}.Release|Win32.ActiveCfg = Release|Win32
		{C70C0192-1D3D-457A-A079-80E7FFDE8544}.Release|Win32.Build.0 = Release|Win32
		{8EEA6BD7-B364-4AF5-ADF5-9436C8A61F4F}.Debug|Win32.ActiveCfg = Debug|Win32
		{8EEA6BD7-B364-4AF5-ADF5-9436C8A61F4F}.Debug|Win32.Build.0 = Debug|Win32
		{8EEA6BD7-B364-4AF5-ADF5-9436C8A61F4F}.Opt No Precompiled Header|Win32.ActiveCfg = Debug|Win32
		{8EEA6BD7-B364-4AF5-ADF5-9436C8A61F4F}.Opt No Precompiled Header|Win32.Build.0 = Debug|Win32
		{8EEA6BD7-B364-4AF5-ADF5-9436C8A61F4F}.Opt|Win32.ActiveCfg = Debug|Win32
		{8EEA6BD7-B364-4AF5-ADF5-9436C8A61F4F}.Opt|Win32.Build.0 = Debug|Win32
		{8EEA6BD7-B364-4AF5-ADF5-9436C8A61F4F}.Release|Win32.ActiveCfg = Release|Win32
		{8EEA6BD7-B364-4AF5-ADF5-9436C8A61F4F}.Release|Win32.Build.0 = Release|Win32
		{D7DEF094-9830-4BEA-8716-A73988422897}.Debug|Win32.ActiveCfg = Debug|Win32
		{D7DEF094-9830-4BEA-8716-A73988422897}.Debug|Win32.Build.0 = Debug|Win32
		{D7DEF094-9830-4BEA-8716-A73988422897}.Opt No Precompiled Header|Win32.ActiveCfg = Release|Win32
		{D7DEF094-9830-4BEA-8716-A73988422897}.Opt No Precompiled Header|Win32.Build.0 = Release|Win32
		{D7DEF094-9830-4BEA-8716-A73988422897}.Opt|Win32.ActiveCfg = Release|Win32
		{D7DEF094-9830-4BEA-8716-A73988422897}.Opt|Win32.Build.0 = Release|Win32
		{D7DEF094-9830-4BEA-8716-A73988422897}.Release|Win32.ActiveCfg = Release|Win32
		{D7DEF094-9830-4BEA-8716-A73988422897}.Release|Win32.Build.0 = Release|Win32
		{F1D3B615-7BD9-4A0D-839E-1DC26BFA9B90}.Debug|Win32.ActiveCfg = Debug|Win32
		{F1D3B615-7BD9-4A0D-839E-1DC26BFA9B90}.Debug|Win32.Build.0 = Debug|Win32
		{F1D3B615-7BD9-4A0D-839E-1DC26BFA9B90}.Opt No Precompiled Header|Win32.ActiveCfg = Release|Win32
		{F1D3B615-7BD9-4A0D-839E-1DC26BFA9B90}.Opt No Precompiled Header|Win32.Build.0 = Release|Win32
		{F1D3B615-7BD9-4A0D-839E-1DC26BFA9B90}.Opt|Win32.ActiveCfg = Release|Win32
		{F1D3B615-7BD9-4A0D-839E-1DC26BFA9B90}.Opt|Win32.Build.0 = Release|Win32
		{F1D3B615-7BD9-4A0D-839E-1DC26BFA9B90}.Release|Win32.ActiveCfg = Release|Win32
		{F1D3B615-7BD9-4A0D-839E-1DC26BFA9B90}.Release|Win32.Build.0 = Release|Win32
		{D5B6F3A1-B789-4AE0-AE98-464EDBC91EA8}.Debug|Win32.ActiveCfg = Debug|Win32
		{D5B6F3A1-B789-4AE0-AE98-464EDBC91EA8}.Debug|Win32.Build.0 = Debug|Win32
		{D5B6F3A1-B789-4AE0-AE98-464EDBC91EA8}.Opt No Precompiled Header|Win32.ActiveCfg = Debug|Win32
		{D5B6F3A1-B789-4AE0-AE98-464EDBC91EA8}.Opt No Precompiled Header|Win32.Build.0 = Debug|Win32
		{D5B6F3A1-B789-4AE0-AE98-464EDBC91EA8}.Opt|Win32.ActiveCfg = Debug|Win32
		{D5B6F3A1-B789-4AE0-AE98-464EDBC91EA8}.Opt|Win32.Build.0 = Debug|Win32
		{D5B6F3A1-B789-4AE0-AE98-464EDBC91EA8}.Release|Win32.ActiveCfg = Release|Win32
		{D5B6F3A1-B789-4AE0-AE98-464EDBC91EA8}.Release|Win32.Build.0 = Release|Win32
		{EB627AAA-35AA-4BBC-82B4-049591FCB6E2}.Debug|Win32.ActiveCfg = Debug|Win32
		{EB627AAA-35AA-4BBC-82B4-049591FCB6E2}.Debug|Win32.Build.0 = Debug|Win32
		{EB627AAA-35AA-4BBC-82B4-049591FCB6E2}.Opt No Precompiled Header|Win32.ActiveCfg = Release|Win32
		{EB627AAA-35AA-4BBC-82B4-049591FCB6E2}.Opt No Precompiled Header|Win32.Build.0 = Release|Win32
		{EB627AAA-35AA-4BBC-82B4-049591FCB6E2}.Opt|Win32.ActiveCfg = Release|Win32
		{EB627AAA-35AA-4BBC-82B4-049591FCB6E2}.Opt|Win32.Build.0 = Release|Win32
		{EB627AAA-35AA-4BBC-82B4-049591FCB6E2}.Release|Win32.ActiveCfg = Release|Win32
		{EB627AAA-35AA-4BBC-82B4-049591FCB6E2}.Release|Win32.Build.0 = Release|Win32
		{2BD8A0F6-1D10-44CD-B2DE-4C462B30FDD0}.Debug|Win32.ActiveCfg = Debug|Win32
		{2BD8A0F6-1D10-44CD-B2DE-4C462B30FDD0}.Debug|Win32.Build.0 = Debug|Win32
		{2BD8A0F6-1D10-44CD-B2DE-4C462B30FDD0}.Opt No Precompiled Header|Win32.ActiveCfg = Release|Win32
		{2BD8A0F6-1D10-44CD-B2DE-4C462B30FDD0}.Opt No Precompiled Header|Win32.Build.0 = Release|Win32
		{2BD8A0F6-1D10-44CD-B2DE-4C462B30FDD0}.Opt|Win32.ActiveCfg = Release|Win32
		{2BD8A0F6-1D10-44CD-B2DE-4C462B30FDD0}.Opt|Win32.Build.0 = Release|Win32
		{2BD8A0F6-1D10-44CD-B2DE-4C462B30FDD0}.Release|Win32.ActiveCfg = Release|Win32
		{2BD8A0F6-1D10-44CD-B2DE-4C462B30FDD0}.Release|Win32.Build.0 = Release|Win32
		{4794ACEE-AED7-4D9B-ABF2-AB0E1C89A09F}.Debug|Win32.ActiveCfg = Debug|Win32
		{4794ACEE-AED7-4D9B-ABF2-AB0E1C89A09F}.Debug|Win32.Build.0 = Debug|Win32
		{4794ACEE-AED7-4D9B-ABF2-AB0E1C89A09F}.Opt No Precompiled Header|Win32.ActiveCfg = Release|Win32
		{4794ACEE-AED7-4D9B-ABF2-AB0E1C89A09F}.Opt No Precompiled Header|Win32.Build.0 = Release|Win32
		{4794ACEE-AED7-4D9B-ABF2-AB0E1C89A09F}.Opt|Win32.ActiveCfg = Release|Win32
		{4794ACEE-AED7-4D9B-ABF2-AB0E1C89A09F}.Opt|Win32.Build.0 = Release|Win32
		{4794ACEE-AED7-4D9B-ABF2-AB0E1C89A09F}.Release|Win32.ActiveCfg = Release|Win32
		{4794ACEE-AED7-4D9B-ABF2-AB0E1C89A09F}.Release|Win32.Build.0 = Release|Win32
		{46A89AB4-F333-437E-88A0-F790B0065DB4}.Debug|Win32.ActiveCfg = Debug|Win32
		{46A89AB4-F333-437E-88A0-F790B0065DB4}.Debug|Win32.Build.0 = Debug|Win32
		{46A89AB4-F333-437E-88A0-F790B0065DB4}.Opt No Precompiled Header|Win32.ActiveCfg = Release|Win32
		{46A89AB4-F333-437E-88A0-F790B0065DB4}.Opt No Precompiled Header|Win32.Build.0 = Release|Win32
		{46A89AB4-F333-437E-88A0-F790B0065DB4}.Opt|Win32.ActiveCfg = Release|Win32
		{46A89AB4-F333-437E-88A0-F790B0065DB4}.Opt|Win32.Build.0 = Release|Win32
		{46A89AB4-F333-437E-88A0-F790B0065DB4}.Release|Win32.ActiveCfg = Release|Win32
		{46A89AB4-F333-437E-88A0-F790B0065DB4}.Release|Win32.Build.0 = Release|Win32
		{E13B9C0E-C8BD-452E-AAE5-3C965A70AE00}.Debug|Win32.ActiveCfg = Debug|Win32
		{E13B9C0E-C8BD-452E-AAE5-3C965A70AE00}.Debug|Win32.Build.0 = Debug|Win32
		{E13B9C0E-C8BD-452E-AAE5-3C965A70AE00}.Opt No Precompiled Header|Win32.ActiveCfg = Debug|Win32
		{E13B9C0E-C8BD-452E-AAE5-3C965A70AE00}.Opt No Precompiled Header|Win32.Build.0 = Debug|Win32
		{E13B9C0E-C8BD-452E-AAE5-3C965A70AE00}.Opt|Win32.ActiveCfg = Debug|Win32
		{E13B9C0E-C8BD-452E-AAE5-3C965A70AE00}.Opt|Win32.Build.0 = Debug|Win32
		{E13B9C0E-C8BD-452E-AAE5-3C965A70AE00}.Release|Win32.ActiveCfg = Release|Win32
		{E13B9C0E-C8BD-452E-AAE5-3C965A70AE00}.Release|Win32.Build.0 = Release|Win32
		{DA079E5A-58D7-4ECC-9221-5B48B71370FE}.Debug|Win32.ActiveCfg = Debug|Win32
		{DA079E5A-58D7-4ECC-9221-5B48B71370FE}.Debug|Win32.Build.0 = Debug|Win32
		{DA079E5A-58D7-4ECC-9221-5B48B71370FE}.Opt No Precompiled Header|Win32.ActiveCfg = Debug|Win32
		{DA079E5A-58D7-4ECC-9221-5B48B71370FE}.Opt No Precompiled Header|Win32.Build.0 = Debug|Win32
		{DA079E5A-58D7-4ECC-9221-5B48B71370FE}.Opt|Win32.ActiveCfg = Debug|Win32
		{DA079E5A-58D7-4ECC-9221-5B48B71370FE}.Opt|Win32.Build.0 = Debug|Win32
		{DA079E5A-58D7-4ECC-9221-5B48B71370FE}.Release|Win32.ActiveCfg = Release|Win32
		{DA079E5A-58D7-4ECC-9221-5B48B71370FE}.Release|Win32.Build.0 = Release|Win32
		{FA0B37AB-6AC8-48BA-8540-AD1BC5E8C955}.Debug|Win32.ActiveCfg = Debug|Win32
		{FA0B37AB-6AC8-48BA-8540-AD1BC5E8C955}.Debug|Win32.Build.0 = Debug|Win32
		{FA0B37AB-6AC8-48BA-8540-AD1BC5E8C955}.Opt No Precompiled Header|Win32.ActiveCfg = Release|Win32
		{FA0B37AB-6AC8-48BA-8540-AD1BC5E8C955}.Opt No Precompiled Header|Win32.Build.0 = Release|Win32
		{FA0B37AB-6AC8-48BA-8540-AD1BC5E8C955}.Opt|Win32.ActiveCfg = Release|Win32
		{FA0B37AB-6AC8-48BA-8540-AD1BC5E8C955}.Opt|Win32.Build.0 = Release|Win32
		{FA0B37AB-6AC8-48BA-8540-AD1BC5E8C955}.Release|Win32.ActiveCfg = Release|Win32
		{FA0B37AB-6AC8-48BA-8540-AD1BC5E8C955}.Release|Win32.Build.0 = Release|Win32
		{E79CCF9B-1E03-4003-8D9A-0DC770BBB91E}.Debug|Win32.ActiveCfg = Debug|Win32
		{E79CCF9B-1E03-4003-8D9A-0DC770BBB91E}.Debug|Win32.Build.0 = Debug|Win32
		{E79CCF9B-1E03-4003-8D9A-0DC770BBB91E}.Opt No Precompiled Header|Win32.ActiveCfg = Debug|Win32
		{E79CCF9B-1E03-4003-8D9A-0DC770BBB91E}.Opt No Precompiled Header|Win32.Build.0 = Debug|Win32
		{E79CCF9B-1E03-4003-8D9A-0DC770BBB91E}.Opt|Win32.ActiveCfg = Debug|Win32
		{E79CCF9B-1E03-4003-8D9A-0DC770BBB91E}.Opt|Win32.Build.0 = Debug|Win32
		{E79CCF9B-1E03-4003-8D9A-0DC770BBB91E}.Release|Win32.ActiveCfg = Release|Win32
		{E79CCF9B-1E03-4003-8D9A-0DC770BBB91E}.Release|Win32.Build.0 = Release|Win32
		{304840A3-B715-402D-9B45-B9666B9746CC}.Debug|Win32.ActiveCfg = Debug|Win32
		{304840A3-B715-402D-9B45-B9666B9746CC}.Debug|Win32.Build.0 = Debug|Win32
		{304840A3-B715-402D-9B45-B9666B9746CC}.Opt No Precompiled Header|Win32.ActiveCfg = Debug|Win32
		{304840A3-B715-402D-9B45-B9666B9746CC}.Opt No Precompiled Header|Win32.Build.0 = Debug|Win32
		{304840A3-B715-402D-9B45-B9666B9746CC}.Opt|Win32.ActiveCfg = Debug|Win32
		{304840A3-B715-402D-9B45-B9666B9746CC}.Opt|Win32.Build.0 = Debug|Win32
		{304840A3-B715-402D-9B45-B9666B9746CC}.Release|Win32.ActiveCfg = Release|Win32
		{304840A3-B715-402D-9B45-B9666B9746CC}.Release|Win32.Build.0 = Release|Win32
		{5AA176CF-25A0-4B3D-A95D-7508F15F10AE}.Debug|Win32.ActiveCfg = Debug|Win32
		{5AA176CF-25A0-4B3D-A95D-7508F15F10AE}.Debug|Win32.Build.0 = Debug|Win32
		{5AA176CF-25A0-4B3D-A95D-7508F15F10AE}.Opt No Precompiled Header|Win32.ActiveCfg = Release|Win32
		{5AA176CF-25A0-4B3D-A95D-7508F15F10AE}.Opt No Precompiled Header|Win32.Build.0 = Release|Win32
		{5AA176CF-25A0-4B3D-A95D-7508F15F10AE}.Opt|Win32.ActiveCfg = Release|Win32
		{5AA176CF-25A0-4B3D-A95D-7508F15F10AE}.Opt|Win32.Build.0 = Release|Win32
		{5AA176CF-25A0-4B3D-A95D-7508F15F10AE}.Release|Win32.ActiveCfg = Release|Win32
		{5AA176CF-25A0-4B3D-A95D-7508F15F10AE}.Release|Win32.Build.0 = Release|Win32
		{02B1D973-C751-436C-9D51-01ABC97B7E8E}.Debug|Win32.ActiveCfg = Debug|Win32
		{02B1D973-C751-436C-9D51-01ABC97B7E8E}.Debug|Win32.Build.0 = Debug|Win32
		{02B1D973-C751-436C-9D51-01ABC97B7E8E}.Opt No Precompiled Header|Win32.ActiveCfg = Release|Win32
		{02B1D973-C751-436C-9D51-01ABC97B7E8E}.Opt No Precompiled Header|Win32.Build.0 = Release|Win32
		{02B1D973-C751-436C-9D51-01ABC97B7E8E}.Opt|Win32.ActiveCfg = Release|Win32
		{02B1D973-C751-436C-9D51-01ABC97B7E8E}.Opt|Win32.Build.0 = Release|Win32
		{02B1D973-C751-436C-9D51-01ABC97B7E8E}.Release|Win32.ActiveCfg = Release|Win32
		{02B1D973-C751-436C-9D51-01ABC97B7E8E}.Release|Win32.Build.0 = Release|Win32
		{0A624644-0767-4D3B-A43B-74FBF821A7A5}.Debug|Win32.ActiveCfg = Debug|Win32
		{0A624644-0767-4D3B-A43B-74FBF821A7A5}.Debug|Win32.Build.0 = Debug|Win32
		{0A624644-0767-4D3B-A43B-74FBF821A7A5}.Opt No Precompiled Header|Win32.ActiveCfg = Debug|Win32
		{0A624644-0767-4D3B-A43B-74FBF821A7A5}.Opt No Precompiled Header|Win32.Build.0 = Debug|Win32
		{0A624644-0767-4D3B-A43B-74FBF821A7A5}.Opt|Win32.ActiveCfg = Debug|Win32
		{0A624644-0767-4D3B-A43B-74FBF821A7A5}.Opt|Win32.Build.0 = Debug|Win32
		{0A624644-0767-4D3B-A43B-74FBF821A7A5}.Release|Win32.ActiveCfg = Release|Win32
		{0A624644-0767-4D3B-A43B-74FBF821A7A5}.Release|Win32.Build.0 = Release|Win32
		{630FF11F-F058-40C7-90BE-1F0A8ABA4E80}.Debug|Win32.ActiveCfg = Debug|Win32
		{630FF11F-F058-40C7-90BE-1F0A8ABA4E80}.Debug|Win32.Build.0 = Debug|Win32
		{630FF11F-F058-40C7-90BE-1F0A8ABA4E80}.Opt No Precompiled Header|Win32.ActiveCfg = Release|Win32
		{630FF11F-F058-40C7-90BE-1F0A8ABA4E80}.Opt No Precompiled Header|Win32.Build.0 = Release|Win32
		{630FF11F-F058-40C7-90BE-1F0A8ABA4E80}.Opt|Win32.ActiveCfg = Release|Win32
		{630FF11F-F058-40C7-90BE-1F0A8ABA4E80}.Opt|Win32.Build.0 = Release|Win32
		{630FF11F-F058-40C7-90BE-1F0A8ABA4E80}.Release|Win32.ActiveCfg = Release|Win32
		{630FF11F-F058-40C7-90BE-1F0A8ABA4E80}.Release|Win32.Build.0 = Release|Win32
		{B5A1C101-89D2-46E6-821D-AC7AF5134BD3}.Debug|Win32.ActiveCfg = Debug|Win32
		{B5A1C101-89D2-46E6-821D-AC7AF5134BD3}.Debug|Win32.Build.0 = Debug|Win32
		{B5A1C101-89D2-46E6-821D-AC7AF5134BD3}.Opt No Precompiled Header|Win32.ActiveCfg = Debug|Win32
		{B5A1C101-89D2-46E6-821D-AC7AF5134BD3}.Opt No Precompiled Header|Win32.Build.0 = Debug|Win32
		{B5A1C101-89D2-46E6-821D-AC7AF5134BD3}.Opt|Win32.ActiveCfg = Debug|Win32
		{B5A1C101-89D2-46E6-821D-AC7AF5134BD3}.Opt|Win32.Build.0 = Debug|Win32
		{B5A1C101-89D2-46E6-821D-AC7AF5134BD3}.Release|Win32.ActiveCfg = Release|Win32
		{B5A1C101-89D2-46E6-821D-AC7AF5134BD3}.Release|Win32.Build.0 = Release|Win32
		{B31229C0-5D0D-40E8-AC8C-614E2CCE7B89}.Debug|Win32.ActiveCfg = Debug|Win32
		{B31229C0-5D0D-40E8-AC8C-614E2CCE7B89}.Debug|Win32.Build.0 = Debug|Win32
		{B31229C0-5D0D-40E8-AC8C-614E2CCE7B89}.Opt No Precompiled Header|Win32.ActiveCfg = Release|Win32
		{B31229C0-5D0D-40E8-AC8C-614E2CCE7B89}.Opt No Precompiled Header|Win32.Build.0 = Release|Win32
		{B31229C0-5D0D-40E8-AC8C-614E2CCE7B89}.Opt|Win32.ActiveCfg = Release|Win32
		{B31229C0-5D0D-40E8-AC8C-614E2CCE7B89}.Opt|Win32.Build.0 = Release|Win32
		{B31229C0-5D0D-40E8-AC8C-614E2CCE7B89}.Release|Win32.ActiveCfg = Release|Win32
		{B31229C0-5D0D-40E8-AC8C-614E2CCE7B89}.Release|Win32.Build.0 = Release|Win32
		{D38046AF-D1DB-4434-A51C-F71E3C2CC357}.Debug|Win32.ActiveCfg = Debug|Win32
		{D38046AF-D1DB-4434-A51C-F71E3C2CC357}.Debug|Win32.Build.0 = Debug|Win32
		{D38046AF-D1DB-4434-A51C-F71E3C2CC357}.Opt No Precompiled Header|Win32.ActiveCfg = Debug|Win32
		{D38046AF-D1DB-4434-A51C-F71E3C2CC357}.Opt No Precompiled Header|Win32.Build.0 = Debug|Win32
		{D38046AF-D1DB-4434-A51C-F71E3C2CC357}.Opt|Win32.ActiveCfg = Debug|Win32
		{D38046AF-D1DB-4434-A51C-F71E3C2CC357}.Opt|Win32.Build.0 = Debug|Win32
		{D38046AF-D1DB-4434-A51C-F71E3C2CC357}.Release|Win32.ActiveCfg = Release|Win32
		{D38046AF-D1DB-4434-A51C-F71E3C2CC357}.Release|Win32.Build.0 = Release|Win32
	EndGlobalSection
	GlobalSection(SolutionProperties) = preSolution
		HideSolutionNode = FALSE
	EndGlobalSection
	GlobalSection(NestedProjects) = preSolution
		{CDB309E7-D338-4A00-A97A-2D9956F97C69} = {0435863F-A245-441D-880E-6F5A1849F842}
		{F8582B03-244B-4778-A82B-7C900DC86843} = {0435863F-A245-441D-880E-6F5A1849F842}
		{09AA8FA2-F5DB-48C4-A1FB-4AEF4409540F} = {0435863F-A245-441D-880E-6F5A1849F842}
		{A0EE664F-8429-4D64-9C36-F12C6F5DDE6D} = {0435863F-A245-441D-880E-6F5A1849F842}
		{651DEDAC-B777-4CBD-8130-5A01B5681B45} = {0435863F-A245-441D-880E-6F5A1849F842}
		{9055269B-B906-4220-AE55-693E17F0A392} = {0435863F-A245-441D-880E-6F5A1849F842}
		{7B9C48CD-6717-48E2-B8EB-985481A5FECA} = {0435863F-A245-441D-880E-6F5A1849F842}
		{D060032C-0029-42C4-A049-709658DB0AC0} = {0435863F-A245-441D-880E-6F5A1849F842}
		{6E2B0CAA-4F4D-4944-9F37-2D5D6EC22C63} = {0435863F-A245-441D-880E-6F5A1849F842}
		{74C1C528-B6C0-4CCB-B9EA-D90A07DA557D} = {0435863F-A245-441D-880E-6F5A1849F842}
		{AC2B7175-0C28-44ED-BC15-086FC22DDBB5} = {0435863F-A245-441D-880E-6F5A1849F842}
		{FA445B12-A1F6-44A4-888A-44F5B07C30FB} = {0435863F-A245-441D-880E-6F5A1849F842}
		{3E596999-1765-4ACB-A12D-FC34ACAC92D4} = {0435863F-A245-441D-880E-6F5A1849F842}
		{DFD38A1E-55D8-4136-810A-950B2B904B9D} = {0435863F-A245-441D-880E-6F5A1849F842}
		{2C573964-A405-4E3E-A8D1-D67FFEC1994B} = {0435863F-A245-441D-880E-6F5A1849F842}
		{FDD6B469-67AC-4331-961C-857C8775722B} = {0435863F-A245-441D-880E-6F5A1849F842}
		{2E1D9C79-916E-4143-8D55-73FA124C8B45} = {0435863F-A245-441D-880E-6F5A1849F842}
		{A3AD0BD1-17BC-413C-BAD2-965836F16C49} = {0435863F-A245-441D-880E-6F5A1849F842}
		{EF1957C4-B565-40E9-B88A-10AF1731A62B} = {0435863F-A245-441D-880E-6F5A1849F842}
		{7ED730A2-53BF-4C93-8983-7E12518AC7AD} = {0435863F-A245-441D-880E-6F5A1849F842}
		{B62DFEAA-8327-4F7E-9615-B95E904E4B25} = {0435863F-A245-441D-880E-6F5A1849F842}
		{4E5A3597-A97C-4B48-8554-B18A006E38F6} = {0435863F-A245-441D-880E-6F5A1849F842}
		{A09FEABF-9BD2-437C-936D-032259D7758B} = {0435863F-A245-441D-880E-6F5A1849F842}
		{C70C0192-1D3D-457A-A079-80E7FFDE8544} = {0435863F-A245-441D-880E-6F5A1849F842}
		{8EEA6BD7-B364-4AF5-ADF5-9436C8A61F4F} = {0435863F-A245-441D-880E-6F5A1849F842}
		{D7DEF094-9830-4BEA-8716-A73988422897} = {0435863F-A245-441D-880E-6F5A1849F842}
		{F1D3B615-7BD9-4A0D-839E-1DC26BFA9B90} = {0435863F-A245-441D-880E-6F5A1849F842}
		{D5B6F3A1-B789-4AE0-AE98-464EDBC91EA8} = {0435863F-A245-441D-880E-6F5A1849F842}
		{EB627AAA-35AA-4BBC-82B4-049591FCB6E2} = {0435863F-A245-441D-880E-6F5A1849F842}
		{2BD8A0F6-1D10-44CD-B2DE-4C462B30FDD0} = {0435863F-A245-441D-880E-6F5A1849F842}
		{4794ACEE-AED7-4D9B-ABF2-AB0E1C89A09F} = {0435863F-A245-441D-880E-6F5A1849F842}
		{46A89AB4-F333-437E-88A0-F790B0065DB4} = {0435863F-A245-441D-880E-6F5A1849F842}
		{E13B9C0E-C8BD-452E-AAE5-3C965A70AE00} = {0435863F-A245-441D-880E-6F5A1849F842}
		{DA079E5A-58D7-4ECC-9221-5B48B71370FE} = {0435863F-A245-441D-880E-6F5A1849F842}
		{FA0B37AB-6AC8-48BA-8540-AD1BC5E8C955} = {0435863F-A245-441D-880E-6F5A1849F842}
		{E79CCF9B-1E03-4003-8D9A-0DC770BBB91E} = {0435863F-A245-441D-880E-6F5A1849F842}
		{304840A3-B715-402D-9B45-B9666B9746CC} = {0435863F-A245-441D-880E-6F5A1849F842}
		{5AA176CF-25A0-4B3D-A95D-7508F15F10AE} = {0435863F-A245-441D-880E-6F5A1849F842}
		{02B1D973-C751-436C-9D51-01ABC97B7E8E} = {0435863F-A245-441D-880E-6F5A1849F842}
		{0A624644-0767-4D3B-A43B-74FBF821A7A5} = {0435863F-A245-441D-880E-6F5A1849F842}
		{630FF11F-F058-40C7-90BE-1F0A8ABA4E80} = {0435863F-A245-441D-880E-6F5A1849F842}
		{B5A1C101-89D2-46E6-821D-AC7AF5134BD3} = {0435863F-A245-441D-880E-6F5A1849F842}
		{B31229C0-5D0D-40E8-AC8C-614E2CCE7B89} = {0435863F-A245-441D-880E-6F5A1849F842}
		{D38046AF-D1DB-4434-A51C-F71E3C2CC357} = {0435863F-A245-441D-880E-6F5A1849F842}
	EndGlobalSection
EndGlobal
